// !$*UTF8*$!
{
	archiveVersion = 1;
	classes = {
	};
	objectVersion = 56;
	objects = {

/* Begin PBXBuildFile section */
		B22CD6E82A9F98EF00171296 /* GameViewController.swift in Sources */ = {isa = PBXBuildFile; fileRef = B22CD6E72A9F98EF00171296 /* GameViewController.swift */; };
		B24BA5582AA738F80050E057 /* WebViewController.swift in Sources */ = {isa = PBXBuildFile; fileRef = B24BA5572AA738F80050E057 /* WebViewController.swift */; };
		B2B74A102A9F96A80003B51B /* AppDelegate.swift in Sources */ = {isa = PBXBuildFile; fileRef = B2B74A0F2A9F96A80003B51B /* AppDelegate.swift */; };
		B2B74A122A9F96A80003B51B /* SceneDelegate.swift in Sources */ = {isa = PBXBuildFile; fileRef = B2B74A112A9F96A80003B51B /* SceneDelegate.swift */; };
		B2B74A172A9F96A80003B51B /* Main.storyboard in Resources */ = {isa = PBXBuildFile; fileRef = B2B74A152A9F96A80003B51B /* Main.storyboard */; };
		B2B74A192A9F96AB0003B51B /* Assets.xcassets in Resources */ = {isa = PBXBuildFile; fileRef = B2B74A182A9F96AB0003B51B /* Assets.xcassets */; };
		B2B74A1C2A9F96AB0003B51B /* LaunchScreen.storyboard in Resources */ = {isa = PBXBuildFile; fileRef = B2B74A1A2A9F96AB0003B51B /* LaunchScreen.storyboard */; };
		B2C720552AA377DF0021B5A5 /* NetworkManager.swift in Sources */ = {isa = PBXBuildFile; fileRef = B2C720542AA377DF0021B5A5 /* NetworkManager.swift */; };
		B2C720582AA3799D0021B5A5 /* Result.swift in Sources */ = {isa = PBXBuildFile; fileRef = B2C720572AA3799D0021B5A5 /* Result.swift */; };
/* End PBXBuildFile section */

/* Begin PBXFileReference section */
		B22CD6E72A9F98EF00171296 /* GameViewController.swift */ = {isa = PBXFileReference; lastKnownFileType = sourcecode.swift; path = GameViewController.swift; sourceTree = "<group>"; };
		B24BA5572AA738F80050E057 /* WebViewController.swift */ = {isa = PBXFileReference; lastKnownFileType = sourcecode.swift; path = WebViewController.swift; sourceTree = "<group>"; };
		B2B74A0C2A9F96A80003B51B /* AimGame.app */ = {isa = PBXFileReference; explicitFileType = wrapper.application; includeInIndex = 0; path = AimGame.app; sourceTree = BUILT_PRODUCTS_DIR; };
		B2B74A0F2A9F96A80003B51B /* AppDelegate.swift */ = {isa = PBXFileReference; lastKnownFileType = sourcecode.swift; path = AppDelegate.swift; sourceTree = "<group>"; };
		B2B74A112A9F96A80003B51B /* SceneDelegate.swift */ = {isa = PBXFileReference; lastKnownFileType = sourcecode.swift; path = SceneDelegate.swift; sourceTree = "<group>"; };
		B2B74A162A9F96A80003B51B /* Base */ = {isa = PBXFileReference; lastKnownFileType = file.storyboard; name = Base; path = Base.lproj/Main.storyboard; sourceTree = "<group>"; };
		B2B74A182A9F96AB0003B51B /* Assets.xcassets */ = {isa = PBXFileReference; lastKnownFileType = folder.assetcatalog; path = Assets.xcassets; sourceTree = "<group>"; };
		B2B74A1B2A9F96AB0003B51B /* Base */ = {isa = PBXFileReference; lastKnownFileType = file.storyboard; name = Base; path = Base.lproj/LaunchScreen.storyboard; sourceTree = "<group>"; };
		B2B74A1D2A9F96AB0003B51B /* Info.plist */ = {isa = PBXFileReference; lastKnownFileType = text.plist.xml; path = Info.plist; sourceTree = "<group>"; };
		B2C720542AA377DF0021B5A5 /* NetworkManager.swift */ = {isa = PBXFileReference; lastKnownFileType = sourcecode.swift; path = NetworkManager.swift; sourceTree = "<group>"; };
		B2C720572AA3799D0021B5A5 /* Result.swift */ = {isa = PBXFileReference; lastKnownFileType = sourcecode.swift; path = Result.swift; sourceTree = "<group>"; };
/* End PBXFileReference section */

/* Begin PBXFrameworksBuildPhase section */
		B2B74A092A9F96A80003B51B /* Frameworks */ = {
			isa = PBXFrameworksBuildPhase;
			buildActionMask = 2147483647;
			files = (
			);
			runOnlyForDeploymentPostprocessing = 0;
		};
/* End PBXFrameworksBuildPhase section */

/* Begin PBXGroup section */
		B2B74A032A9F96A80003B51B = {
			isa = PBXGroup;
			children = (
				B2B74A0E2A9F96A80003B51B /* AimGame */,
				B2B74A0D2A9F96A80003B51B /* Products */,
			);
			sourceTree = "<group>";
		};
		B2B74A0D2A9F96A80003B51B /* Products */ = {
			isa = PBXGroup;
			children = (
				B2B74A0C2A9F96A80003B51B /* AimGame.app */,
			);
			name = Products;
			sourceTree = "<group>";
		};
		B2B74A0E2A9F96A80003B51B /* AimGame */ = {
			isa = PBXGroup;
			children = (
				B2B74A0F2A9F96A80003B51B /* AppDelegate.swift */,
				B2B74A112A9F96A80003B51B /* SceneDelegate.swift */,
				B22CD6E72A9F98EF00171296 /* GameViewController.swift */,
				B24BA5572AA738F80050E057 /* WebViewController.swift */,
				B2C720562AA379850021B5A5 /* Networking */,
				B2B74A152A9F96A80003B51B /* Main.storyboard */,
				B2B74A182A9F96AB0003B51B /* Assets.xcassets */,
				B2B74A1A2A9F96AB0003B51B /* LaunchScreen.storyboard */,
				B2B74A1D2A9F96AB0003B51B /* Info.plist */,
			);
			path = AimGame;
			sourceTree = "<group>";
		};
		B2C720562AA379850021B5A5 /* Networking */ = {
			isa = PBXGroup;
			children = (
				B2C720542AA377DF0021B5A5 /* NetworkManager.swift */,
				B2C720572AA3799D0021B5A5 /* Result.swift */,
			);
			path = Networking;
			sourceTree = "<group>";
		};
/* End PBXGroup section */

/* Begin PBXNativeTarget section */
		B2B74A0B2A9F96A80003B51B /* AimGame */ = {
			isa = PBXNativeTarget;
			buildConfigurationList = B2B74A202A9F96AB0003B51B /* Build configuration list for PBXNativeTarget "AimGame" */;
			buildPhases = (
				B2B74A082A9F96A80003B51B /* Sources */,
				B2B74A092A9F96A80003B51B /* Frameworks */,
				B2B74A0A2A9F96A80003B51B /* Resources */,
			);
			buildRules = (
			);
			dependencies = (
			);
			name = AimGame;
			productName = AimGame;
			productReference = B2B74A0C2A9F96A80003B51B /* AimGame.app */;
			productType = "com.apple.product-type.application";
		};
/* End PBXNativeTarget section */

/* Begin PBXProject section */
		B2B74A042A9F96A80003B51B /* Project object */ = {
			isa = PBXProject;
			attributes = {
				BuildIndependentTargetsInParallel = 1;
				LastSwiftUpdateCheck = 1430;
				LastUpgradeCheck = 1430;
				TargetAttributes = {
					B2B74A0B2A9F96A80003B51B = {
						CreatedOnToolsVersion = 14.3.1;
					};
				};
			};
			buildConfigurationList = B2B74A072A9F96A80003B51B /* Build configuration list for PBXProject "AimGame" */;
			compatibilityVersion = "Xcode 14.0";
			developmentRegion = en;
			hasScannedForEncodings = 0;
			knownRegions = (
				en,
				Base,
			);
			mainGroup = B2B74A032A9F96A80003B51B;
			productRefGroup = B2B74A0D2A9F96A80003B51B /* Products */;
			projectDirPath = "";
			projectRoot = "";
			targets = (
				B2B74A0B2A9F96A80003B51B /* AimGame */,
			);
		};
/* End PBXProject section */

/* Begin PBXResourcesBuildPhase section */
		B2B74A0A2A9F96A80003B51B /* Resources */ = {
			isa = PBXResourcesBuildPhase;
			buildActionMask = 2147483647;
			files = (
				B2B74A1C2A9F96AB0003B51B /* LaunchScreen.storyboard in Resources */,
				B2B74A192A9F96AB0003B51B /* Assets.xcassets in Resources */,
				B2B74A172A9F96A80003B51B /* Main.storyboard in Resources */,
			);
			runOnlyForDeploymentPostprocessing = 0;
		};
/* End PBXResourcesBuildPhase section */

/* Begin PBXSourcesBuildPhase section */
		B2B74A082A9F96A80003B51B /* Sources */ = {
			isa = PBXSourcesBuildPhase;
			buildActionMask = 2147483647;
			files = (
				B2C720552AA377DF0021B5A5 /* NetworkManager.swift in Sources */,
				B2C720582AA3799D0021B5A5 /* Result.swift in Sources */,
				B2B74A102A9F96A80003B51B /* AppDelegate.swift in Sources */,
				B24BA5582AA738F80050E057 /* WebViewController.swift in Sources */,
				B22CD6E82A9F98EF00171296 /* GameViewController.swift in Sources */,
				B2B74A122A9F96A80003B51B /* SceneDelegate.swift in Sources */,
			);
			runOnlyForDeploymentPostprocessing = 0;
		};
/* End PBXSourcesBuildPhase section */

/* Begin PBXVariantGroup section */
		B2B74A152A9F96A80003B51B /* Main.storyboard */ = {
			isa = PBXVariantGroup;
			children = (
				B2B74A162A9F96A80003B51B /* Base */,
			);
			name = Main.storyboard;
			sourceTree = "<group>";
		};
		B2B74A1A2A9F96AB0003B51B /* LaunchScreen.storyboard */ = {
			isa = PBXVariantGroup;
			children = (
				B2B74A1B2A9F96AB0003B51B /* Base */,
			);
			name = LaunchScreen.storyboard;
			sourceTree = "<group>";
		};
/* End PBXVariantGroup section */

/* Begin XCBuildConfiguration section */
		B2B74A1E2A9F96AB0003B51B /* Debug */ = {
			isa = XCBuildConfiguration;
			buildSettings = {
				ALWAYS_SEARCH_USER_PATHS = NO;
				CLANG_ANALYZER_NONNULL = YES;
				CLANG_ANALYZER_NUMBER_OBJECT_CONVERSION = YES_AGGRESSIVE;
				CLANG_CXX_LANGUAGE_STANDARD = "gnu++20";
				CLANG_ENABLE_MODULES = YES;
				CLANG_ENABLE_OBJC_ARC = YES;
				CLANG_ENABLE_OBJC_WEAK = YES;
				CLANG_WARN_BLOCK_CAPTURE_AUTORELEASING = YES;
				CLANG_WARN_BOOL_CONVERSION = YES;
				CLANG_WARN_COMMA = YES;
				CLANG_WARN_CONSTANT_CONVERSION = YES;
				CLANG_WARN_DEPRECATED_OBJC_IMPLEMENTATIONS = YES;
				CLANG_WARN_DIRECT_OBJC_ISA_USAGE = YES_ERROR;
				CLANG_WARN_DOCUMENTATION_COMMENTS = YES;
				CLANG_WARN_EMPTY_BODY = YES;
				CLANG_WARN_ENUM_CONVERSION = YES;
				CLANG_WARN_INFINITE_RECURSION = YES;
				CLANG_WARN_INT_CONVERSION = YES;
				CLANG_WARN_NON_LITERAL_NULL_CONVERSION = YES;
				CLANG_WARN_OBJC_IMPLICIT_RETAIN_SELF = YES;
				CLANG_WARN_OBJC_LITERAL_CONVERSION = YES;
				CLANG_WARN_OBJC_ROOT_CLASS = YES_ERROR;
				CLANG_WARN_QUOTED_INCLUDE_IN_FRAMEWORK_HEADER = YES;
				CLANG_WARN_RANGE_LOOP_ANALYSIS = YES;
				CLANG_WARN_STRICT_PROTOTYPES = YES;
				CLANG_WARN_SUSPICIOUS_MOVE = YES;
				CLANG_WARN_UNGUARDED_AVAILABILITY = YES_AGGRESSIVE;
				CLANG_WARN_UNREACHABLE_CODE = YES;
				CLANG_WARN__DUPLICATE_METHOD_MATCH = YES;
				COPY_PHASE_STRIP = NO;
				DEBUG_INFORMATION_FORMAT = dwarf;
				ENABLE_STRICT_OBJC_MSGSEND = YES;
				ENABLE_TESTABILITY = YES;
				GCC_C_LANGUAGE_STANDARD = gnu11;
				GCC_DYNAMIC_NO_PIC = NO;
				GCC_NO_COMMON_BLOCKS = YES;
				GCC_OPTIMIZATION_LEVEL = 0;
				GCC_PREPROCESSOR_DEFINITIONS = (
					"DEBUG=1",
					"$(inherited)",
				);
				GCC_WARN_64_TO_32_BIT_CONVERSION = YES;
				GCC_WARN_ABOUT_RETURN_TYPE = YES_ERROR;
				GCC_WARN_UNDECLARED_SELECTOR = YES;
				GCC_WARN_UNINITIALIZED_AUTOS = YES_AGGRESSIVE;
				GCC_WARN_UNUSED_FUNCTION = YES;
				GCC_WARN_UNUSED_VARIABLE = YES;
				IPHONEOS_DEPLOYMENT_TARGET = 16.4;
				MTL_ENABLE_DEBUG_INFO = INCLUDE_SOURCE;
				MTL_FAST_MATH = YES;
				ONLY_ACTIVE_ARCH = YES;
				SDKROOT = iphoneos;
				SWIFT_ACTIVE_COMPILATION_CONDITIONS = DEBUG;
				SWIFT_OPTIMIZATION_LEVEL = "-Onone";
			};
			name = Debug;
		};
		B2B74A1F2A9F96AB0003B51B /* Release */ = {
			isa = XCBuildConfiguration;
			buildSettings = {
				ALWAYS_SEARCH_USER_PATHS = NO;
				CLANG_ANALYZER_NONNULL = YES;
				CLANG_ANALYZER_NUMBER_OBJECT_CONVERSION = YES_AGGRESSIVE;
				CLANG_CXX_LANGUAGE_STANDARD = "gnu++20";
				CLANG_ENABLE_MODULES = YES;
				CLANG_ENABLE_OBJC_ARC = YES;
				CLANG_ENABLE_OBJC_WEAK = YES;
				CLANG_WARN_BLOCK_CAPTURE_AUTORELEASING = YES;
				CLANG_WARN_BOOL_CONVERSION = YES;
				CLANG_WARN_COMMA = YES;
				CLANG_WARN_CONSTANT_CONVERSION = YES;
				CLANG_WARN_DEPRECATED_OBJC_IMPLEMENTATIONS = YES;
				CLANG_WARN_DIRECT_OBJC_ISA_USAGE = YES_ERROR;
				CLANG_WARN_DOCUMENTATION_COMMENTS = YES;
				CLANG_WARN_EMPTY_BODY = YES;
				CLANG_WARN_ENUM_CONVERSION = YES;
				CLANG_WARN_INFINITE_RECURSION = YES;
				CLANG_WARN_INT_CONVERSION = YES;
				CLANG_WARN_NON_LITERAL_NULL_CONVERSION = YES;
				CLANG_WARN_OBJC_IMPLICIT_RETAIN_SELF = YES;
				CLANG_WARN_OBJC_LITERAL_CONVERSION = YES;
				CLANG_WARN_OBJC_ROOT_CLASS = YES_ERROR;
				CLANG_WARN_QUOTED_INCLUDE_IN_FRAMEWORK_HEADER = YES;
				CLANG_WARN_RANGE_LOOP_ANALYSIS = YES;
				CLANG_WARN_STRICT_PROTOTYPES = YES;
				CLANG_WARN_SUSPICIOUS_MOVE = YES;
				CLANG_WARN_UNGUARDED_AVAILABILITY = YES_AGGRESSIVE;
				CLANG_WARN_UNREACHABLE_CODE = YES;
				CLANG_WARN__DUPLICATE_METHOD_MATCH = YES;
				COPY_PHASE_STRIP = NO;
				DEBUG_INFORMATION_FORMAT = "dwarf-with-dsym";
				ENABLE_NS_ASSERTIONS = NO;
				ENABLE_STRICT_OBJC_MSGSEND = YES;
				GCC_C_LANGUAGE_STANDARD = gnu11;
				GCC_NO_COMMON_BLOCKS = YES;
				GCC_WARN_64_TO_32_BIT_CONVERSION = YES;
				GCC_WARN_ABOUT_RETURN_TYPE = YES_ERROR;
				GCC_WARN_UNDECLARED_SELECTOR = YES;
				GCC_WARN_UNINITIALIZED_AUTOS = YES_AGGRESSIVE;
				GCC_WARN_UNUSED_FUNCTION = YES;
				GCC_WARN_UNUSED_VARIABLE = YES;
				IPHONEOS_DEPLOYMENT_TARGET = 16.4;
				MTL_ENABLE_DEBUG_INFO = NO;
				MTL_FAST_MATH = YES;
				SDKROOT = iphoneos;
				SWIFT_COMPILATION_MODE = wholemodule;
				SWIFT_OPTIMIZATION_LEVEL = "-O";
				VALIDATE_PRODUCT = YES;
			};
			name = Release;
		};
		B2B74A212A9F96AB0003B51B /* Debug */ = {
			isa = XCBuildConfiguration;
			buildSettings = {
				ASSETCATALOG_COMPILER_APPICON_NAME = AppIcon;
				ASSETCATALOG_COMPILER_GLOBAL_ACCENT_COLOR_NAME = AccentColor;
				CODE_SIGN_STYLE = Automatic;
				CURRENT_PROJECT_VERSION = 1;
				DEVELOPMENT_TEAM = 4P8R5A2M72;
				GENERATE_INFOPLIST_FILE = YES;
				INFOPLIST_FILE = AimGame/Info.plist;
				INFOPLIST_KEY_UIApplicationSupportsIndirectInputEvents = YES;
				INFOPLIST_KEY_UILaunchStoryboardName = LaunchScreen;
				INFOPLIST_KEY_UIMainStoryboardFile = Main;
				INFOPLIST_KEY_UISupportedInterfaceOrientations_iPad = "UIInterfaceOrientationPortrait UIInterfaceOrientationPortraitUpsideDown UIInterfaceOrientationLandscapeLeft UIInterfaceOrientationLandscapeRight";
				INFOPLIST_KEY_UISupportedInterfaceOrientations_iPhone = "UIInterfaceOrientationPortrait UIInterfaceOrientationLandscapeLeft UIInterfaceOrientationLandscapeRight";
				LD_RUNPATH_SEARCH_PATHS = (
					"$(inherited)",
					"@executable_path/Frameworks",
				);
				MARKETING_VERSION = 1.0;
				PRODUCT_BUNDLE_IDENTIFIER = destiny.AimGame;
				PRODUCT_NAME = "$(TARGET_NAME)";
				SWIFT_EMIT_LOC_STRINGS = YES;
				SWIFT_VERSION = 5.0;
				TARGETED_DEVICE_FAMILY = "1,2";
			};
			name = Debug;
		};
		B2B74A222A9F96AB0003B51B /* Release */ = {
			isa = XCBuildConfiguration;
			buildSettings = {
				ASSETCATALOG_COMPILER_APPICON_NAME = AppIcon;
				ASSETCATALOG_COMPILER_GLOBAL_ACCENT_COLOR_NAME = AccentColor;
				CODE_SIGN_STYLE = Automatic;
				CURRENT_PROJECT_VERSION = 1;
				DEVELOPMENT_TEAM = 4P8R5A2M72;
				GENERATE_INFOPLIST_FILE = YES;
				INFOPLIST_FILE = AimGame/Info.plist;
				INFOPLIST_KEY_UIApplicationSupportsIndirectInputEvents = YES;
				INFOPLIST_KEY_UILaunchStoryboardName = LaunchScreen;
				INFOPLIST_KEY_UIMainStoryboardFile = Main;
				INFOPLIST_KEY_UISupportedInterfaceOrientations_iPad = "UIInterfaceOrientationPortrait UIInterfaceOrientationPortraitUpsideDown UIInterfaceOrientationLandscapeLeft UIInterfaceOrientationLandscapeRight";
				INFOPLIST_KEY_UISupportedInterfaceOrientations_iPhone = "UIInterfaceOrientationPortrait UIInterfaceOrientationLandscapeLeft UIInterfaceOrientationLandscapeRight";
				LD_RUNPATH_SEARCH_PATHS = (
					"$(inherited)",
					"@executable_path/Frameworks",
				);
				MARKETING_VERSION = 1.0;
				PRODUCT_BUNDLE_IDENTIFIER = destiny.AimGame;
				PRODUCT_NAME = "$(TARGET_NAME)";
				SWIFT_EMIT_LOC_STRINGS = YES;
				SWIFT_VERSION = 5.0;
				TARGETED_DEVICE_FAMILY = "1,2";
			};
			name = Release;
		};
/* End XCBuildConfiguration section */

/* Begin XCConfigurationList section */
		B2B74A072A9F96A80003B51B /* Build configuration list for PBXProject "AimGame" */ = {
			isa = XCConfigurationList;
			buildConfigurations = (
				B2B74A1E2A9F96AB0003B51B /* Debug */,
				B2B74A1F2A9F96AB0003B51B /* Release */,
			);
			defaultConfigurationIsVisible = 0;
			defaultConfigurationName = Release;
		};
		B2B74A202A9F96AB0003B51B /* Build configuration list for PBXNativeTarget "AimGame" */ = {
			isa = XCConfigurationList;
			buildConfigurations = (
				B2B74A212A9F96AB0003B51B /* Debug */,
				B2B74A222A9F96AB0003B51B /* Release */,
			);
			defaultConfigurationIsVisible = 0;
			defaultConfigurationName = Release;
		};
/* End XCConfigurationList section */
	};
	rootObject = B2B74A042A9F96A80003B51B /* Project object */;
}
